
Microsoft Visual Studio Solution File, Format Version 12.00
# Visual Studio Version 17
VisualStudioVersion = 17.9.34701.34
MinimumVisualStudioVersion = 10.0.40219.1
Project("{FAE04EC0-301F-11D3-BF4B-00C04F79EFBC}") = "PasswordGenerator", "PasswordGenerator\PasswordGenerator.csproj", "{EF0585A8-732A-4DED-B4AB-4FA1492BE88D}"
EndProject
Global
	GlobalSection(SolutionConfigurationPlatforms) = preSolution
		Debug|Any CPU = Debug|Any CPU
		Release|Any CPU = Release|Any CPU
	EndGlobalSection
	GlobalSection(ProjectConfigurationPlatforms) = postSolution
		{EF0585A8-732A-4DED-B4AB-4FA1492BE88D}.Debug|Any CPU.ActiveCfg = Debug|Any CPU
		{EF0585A8-732A-4DED-B4AB-4FA1492BE88D}.Debug|Any CPU.Build.0 = Debug|Any CPU
		{EF0585A8-732A-4DED-B4AB-4FA1492BE88D}.Release|Any CPU.ActiveCfg = Release|Any CPU
		{EF0585A8-732A-4DED-B4AB-4FA1492BE88D}.Release|Any CPU.Build.0 = Release|Any CPU
	EndGlobalSection
	GlobalSection(SolutionProperties) = preSolution
		HideSolutionNode = FALSE
	EndGlobalSection
	GlobalSection(ExtensibilityGlobals) = postSolution
		SolutionGuid = {D290F0C4-D018-4CD0-9222-611B8C103173}
	EndGlobalSection
EndGlobal
